
Microsoft Visual Studio Solution File, Format Version 12.00
# Visual Studio Version 17
VisualStudioVersion = 17.4.33213.308
MinimumVisualStudioVersion = 10.0.40219.1
Project("{FAE04EC0-301F-11D3-BF4B-00C04F79EFBC}") = "githb", "githb\githb.csproj", "{7A162F96-B417-4E67-95D6-B2B362013C6F}"
EndProject
Global
	GlobalSection(SolutionConfigurationPlatforms) = preSolution
		Debug|Any CPU = Debug|Any CPU
		Release|Any CPU = Release|Any CPU
	EndGlobalSection
	GlobalSection(ProjectConfigurationPlatforms) = postSolution
		{7A162F96-B417-4E67-95D6-B2B362013C6F}.Debug|Any CPU.ActiveCfg = Debug|Any CPU
		{7A162F96-B417-4E67-95D6-B2B362013C6F}.Debug|Any CPU.Build.0 = Debug|Any CPU
		{7A162F96-B417-4E67-95D6-B2B362013C6F}.Release|Any CPU.ActiveCfg = Release|Any CPU
		{7A162F96-B417-4E67-95D6-B2B362013C6F}.Release|Any CPU.Build.0 = Release|Any CPU
	EndGlobalSection
	GlobalSection(SolutionProperties) = preSolution
		HideSolutionNode = FALSE
	EndGlobalSection
	GlobalSection(ExtensibilityGlobals) = postSolution
		SolutionGuid = {5C67F6F6-9BEB-494D-8A03-9EC641D6B94A}
	EndGlobalSection
EndGlobal
